
Microsoft Visual Studio Solution File, Format Version 12.00
# Visual Studio 15
VisualStudioVersion = 15.0.28010.2048
MinimumVisualStudioVersion = 10.0.40219.1
Project("{FAE04EC0-301F-11D3-BF4B-00C04F79EFBC}") = "Stock", "Stock\Stock.csproj", "{D088A60E-FD96-4966-A388-8B8799422E46}"
EndProject
Project("{FAE04EC0-301F-11D3-BF4B-00C04F79EFBC}") = "StockTests", "StockTests\StockTests.csproj", "{1D01F5FD-84E8-4BE2-A39F-4B8172E0A168}"
EndProject
Global
	GlobalSection(SolutionConfigurationPlatforms) = preSolution
		Debug|Any CPU = Debug|Any CPU
		Release|Any CPU = Release|Any CPU
	EndGlobalSection
	GlobalSection(ProjectConfigurationPlatforms) = postSolution
		{D088A60E-FD96-4966-A388-8B8799422E46}.Debug|Any CPU.ActiveCfg = Debug|Any CPU
		{D088A60E-FD96-4966-A388-8B8799422E46}.Debug|Any CPU.Build.0 = Debug|Any CPU
		{D088A60E-FD96-4966-A388-8B8799422E46}.Release|Any CPU.ActiveCfg = Release|Any CPU
		{D088A60E-FD96-4966-A388-8B8799422E46}.Release|Any CPU.Build.0 = Release|Any CPU
		{1D01F5FD-84E8-4BE2-A39F-4B8172E0A168}.Debug|Any CPU.ActiveCfg = Debug|Any CPU
		{1D01F5FD-84E8-4BE2-A39F-4B8172E0A168}.Debug|Any CPU.Build.0 = Debug|Any CPU
		{1D01F5FD-84E8-4BE2-A39F-4B8172E0A168}.Release|Any CPU.ActiveCfg = Release|Any CPU
		{1D01F5FD-84E8-4BE2-A39F-4B8172E0A168}.Release|Any CPU.Build.0 = Release|Any CPU
	EndGlobalSection
	GlobalSection(SolutionProperties) = preSolution
		HideSolutionNode = FALSE
	EndGlobalSection
	GlobalSection(ExtensibilityGlobals) = postSolution
		SolutionGuid = {882A6D41-7131-47C4-89A9-825FA9F58D02}
	EndGlobalSection
EndGlobal
